PODS:
  - Kingfisher (5.15.7):
    - Kingfisher/Core (= 5.15.7)
  - Kingfisher/Core (5.15.7)

DEPENDENCIES:
  - Kingfisher

SPEC REPOS:
  trunk:
    - Kingfisher

SPEC CHECKSUMS:
  Kingfisher: 6e1a13523fcb1c86924ce53affe4ac957e544d59

PODFILE CHECKSUM: 7c93a31f656912c9ff3aa2b4d11e1eb690de06fe

COCOAPODS: 1.10.0
