// !$*UTF8*$!
{
	archiveVersion = 1;
	classes = {
	};
	objectVersion = 51;
	objects = {

/* Begin PBXBuildFile section */
		094F1FE45C3D986F0F9F6563 /* Pods_JobHunter.framework in Frameworks */ = {isa = PBXBuildFile; fileRef = 0E9A940C773DAA6D8BC896BA /* Pods_JobHunter.framework */; };
		5203174F256570C9004C9C4E /* AppDelegate.swift in Sources */ = {isa = PBXBuildFile; fileRef = 5203174E256570C9004C9C4E /* AppDelegate.swift */; };
		52031751256570C9004C9C4E /* SceneDelegate.swift in Sources */ = {isa = PBXBuildFile; fileRef = 52031750256570C9004C9C4E /* SceneDelegate.swift */; };
		52031753256570C9004C9C4E /* JobListViewController.swift in Sources */ = {isa = PBXBuildFile; fileRef = 52031752256570C9004C9C4E /* JobListViewController.swift */; };
		52031756256570C9004C9C4E /* Main.storyboard in Resources */ = {isa = PBXBuildFile; fileRef = 52031754256570C9004C9C4E /* Main.storyboard */; };
		52031758256570CA004C9C4E /* Assets.xcassets in Resources */ = {isa = PBXBuildFile; fileRef = 52031757256570CA004C9C4E /* Assets.xcassets */; };
		5203175B256570CA004C9C4E /* LaunchScreen.storyboard in Resources */ = {isa = PBXBuildFile; fileRef = 52031759256570CA004C9C4E /* LaunchScreen.storyboard */; };
		524D5A062565753E0029CFB2 /* FetcherProtocol.swift in Sources */ = {isa = PBXBuildFile; fileRef = 524D5A052565753E0029CFB2 /* FetcherProtocol.swift */; };
		524D5A0B256578E50029CFB2 /* CakeResumeFetcher.swift in Sources */ = {isa = PBXBuildFile; fileRef = 524D5A0A256578E50029CFB2 /* CakeResumeFetcher.swift */; };
		52585D75256BEDE00052839C /* JobSourceViewController.swift in Sources */ = {isa = PBXBuildFile; fileRef = 52585D74256BEDE00052839C /* JobSourceViewController.swift */; };
		52872C392566D21000756813 /* MeetJobsFetcher.swift in Sources */ = {isa = PBXBuildFile; fileRef = 52872C382566D20F00756813 /* MeetJobsFetcher.swift */; };
		52872C4B2566D94900756813 /* YouratorFetcher.swift in Sources */ = {isa = PBXBuildFile; fileRef = 52872C4A2566D94900756813 /* YouratorFetcher.swift */; };
		52872C6E25697C0200756813 /* JobListTableViewCell.swift in Sources */ = {isa = PBXBuildFile; fileRef = 52872C6D25697C0200756813 /* JobListTableViewCell.swift */; };
/* End PBXBuildFile section */

/* Begin PBXFileReference section */
		0E9A940C773DAA6D8BC896BA /* Pods_JobHunter.framework */ = {isa = PBXFileReference; explicitFileType = wrapper.framework; includeInIndex = 0; path = Pods_JobHunter.framework; sourceTree = BUILT_PRODUCTS_DIR; };
		4A12F5424186C55C86A4731F /* Pods-JobHunter.release.xcconfig */ = {isa = PBXFileReference; includeInIndex = 1; lastKnownFileType = text.xcconfig; name = "Pods-JobHunter.release.xcconfig"; path = "Target Support Files/Pods-JobHunter/Pods-JobHunter.release.xcconfig"; sourceTree = "<group>"; };
		5203174B256570C9004C9C4E /* JobHunter.app */ = {isa = PBXFileReference; explicitFileType = wrapper.application; includeInIndex = 0; path = JobHunter.app; sourceTree = BUILT_PRODUCTS_DIR; };
		5203174E256570C9004C9C4E /* AppDelegate.swift */ = {isa = PBXFileReference; lastKnownFileType = sourcecode.swift; path = AppDelegate.swift; sourceTree = "<group>"; };
		52031750256570C9004C9C4E /* SceneDelegate.swift */ = {isa = PBXFileReference; lastKnownFileType = sourcecode.swift; path = SceneDelegate.swift; sourceTree = "<group>"; };
		52031752256570C9004C9C4E /* JobListViewController.swift */ = {isa = PBXFileReference; lastKnownFileType = sourcecode.swift; path = JobListViewController.swift; sourceTree = "<group>"; };
		52031755256570C9004C9C4E /* Base */ = {isa = PBXFileReference; lastKnownFileType = file.storyboard; name = Base; path = Base.lproj/Main.storyboard; sourceTree = "<group>"; };
		52031757256570CA004C9C4E /* Assets.xcassets */ = {isa = PBXFileReference; lastKnownFileType = folder.assetcatalog; path = Assets.xcassets; sourceTree = "<group>"; };
		5203175A256570CA004C9C4E /* Base */ = {isa = PBXFileReference; lastKnownFileType = file.storyboard; name = Base; path = Base.lproj/LaunchScreen.storyboard; sourceTree = "<group>"; };
		5203175C256570CA004C9C4E /* Info.plist */ = {isa = PBXFileReference; lastKnownFileType = text.plist.xml; path = Info.plist; sourceTree = "<group>"; };
		524D5A052565753E0029CFB2 /* FetcherProtocol.swift */ = {isa = PBXFileReference; lastKnownFileType = sourcecode.swift; path = FetcherProtocol.swift; sourceTree = "<group>"; };
		524D5A0A256578E50029CFB2 /* CakeResumeFetcher.swift */ = {isa = PBXFileReference; lastKnownFileType = sourcecode.swift; path = CakeResumeFetcher.swift; sourceTree = "<group>"; };
		52585D74256BEDE00052839C /* JobSourceViewController.swift */ = {isa = PBXFileReference; lastKnownFileType = sourcecode.swift; path = JobSourceViewController.swift; sourceTree = "<group>"; };
		52872C382566D20F00756813 /* MeetJobsFetcher.swift */ = {isa = PBXFileReference; lastKnownFileType = sourcecode.swift; path = MeetJobsFetcher.swift; sourceTree = "<group>"; };
		52872C4A2566D94900756813 /* YouratorFetcher.swift */ = {isa = PBXFileReference; lastKnownFileType = sourcecode.swift; path = YouratorFetcher.swift; sourceTree = "<group>"; };
		52872C6D25697C0200756813 /* JobListTableViewCell.swift */ = {isa = PBXFileReference; lastKnownFileType = sourcecode.swift; path = JobListTableViewCell.swift; sourceTree = "<group>"; };
		677257192F3A3D3CEC38794C /* Pods-JobHunter.debug.xcconfig */ = {isa = PBXFileReference; includeInIndex = 1; lastKnownFileType = text.xcconfig; name = "Pods-JobHunter.debug.xcconfig"; path = "Target Support Files/Pods-JobHunter/Pods-JobHunter.debug.xcconfig"; sourceTree = "<group>"; };
/* End PBXFileReference section */

/* Begin PBXFrameworksBuildPhase section */
		52031748256570C9004C9C4E /* Frameworks */ = {
			isa = PBXFrameworksBuildPhase;
			buildActionMask = 2147483647;
			files = (
				094F1FE45C3D986F0F9F6563 /* Pods_JobHunter.framework in Frameworks */,
			);
			runOnlyForDeploymentPostprocessing = 0;
		};
/* End PBXFrameworksBuildPhase section */

/* Begin PBXGroup section */
		12F30B4532AD5EBA02BBADEA /* Pods */ = {
			isa = PBXGroup;
			children = (
				677257192F3A3D3CEC38794C /* Pods-JobHunter.debug.xcconfig */,
				4A12F5424186C55C86A4731F /* Pods-JobHunter.release.xcconfig */,
			);
			path = Pods;
			sourceTree = "<group>";
		};
		52031742256570C9004C9C4E = {
			isa = PBXGroup;
			children = (
				A1DCFE78CA958961A544C4D4 /* Frameworks */,
				5203174D256570C9004C9C4E /* JobHunter */,
				12F30B4532AD5EBA02BBADEA /* Pods */,
				5203174C256570C9004C9C4E /* Products */,
			);
			sourceTree = "<group>";
		};
		5203174C256570C9004C9C4E /* Products */ = {
			isa = PBXGroup;
			children = (
				5203174B256570C9004C9C4E /* JobHunter.app */,
			);
			name = Products;
			sourceTree = "<group>";
		};
		5203174D256570C9004C9C4E /* JobHunter */ = {
			isa = PBXGroup;
			children = (
				524D5A04256574250029CFB2 /* Fetcher */,
				52872C6C25697BE500756813 /* Job List */,
				52585D72256BEDAE0052839C /* Job Source List */,
				5203174E256570C9004C9C4E /* AppDelegate.swift */,
				52031757256570CA004C9C4E /* Assets.xcassets */,
				5203175C256570CA004C9C4E /* Info.plist */,
				52031759256570CA004C9C4E /* LaunchScreen.storyboard */,
				52031754256570C9004C9C4E /* Main.storyboard */,
				52031750256570C9004C9C4E /* SceneDelegate.swift */,
			);
			path = JobHunter;
			sourceTree = "<group>";
		};
		524D5A04256574250029CFB2 /* Fetcher */ = {
			isa = PBXGroup;
			children = (
				524D5A0A256578E50029CFB2 /* CakeResumeFetcher.swift */,
				524D5A052565753E0029CFB2 /* FetcherProtocol.swift */,
				52872C382566D20F00756813 /* MeetJobsFetcher.swift */,
				52872C4A2566D94900756813 /* YouratorFetcher.swift */,
			);
			path = Fetcher;
			sourceTree = "<group>";
		};
		52585D72256BEDAE0052839C /* Job Source List */ = {
			isa = PBXGroup;
			children = (
				52585D74256BEDE00052839C /* JobSourceViewController.swift */,
			);
			path = "Job Source List";
			sourceTree = "<group>";
		};
		52872C6C25697BE500756813 /* Job List */ = {
			isa = PBXGroup;
			children = (
				52872C6D25697C0200756813 /* JobListTableViewCell.swift */,
				52031752256570C9004C9C4E /* JobListViewController.swift */,
			);
			path = "Job List";
			sourceTree = "<group>";
		};
		A1DCFE78CA958961A544C4D4 /* Frameworks */ = {
			isa = PBXGroup;
			children = (
				0E9A940C773DAA6D8BC896BA /* Pods_JobHunter.framework */,
			);
			name = Frameworks;
			sourceTree = "<group>";
		};
/* End PBXGroup section */

/* Begin PBXNativeTarget section */
		5203174A256570C9004C9C4E /* JobHunter */ = {
			isa = PBXNativeTarget;
			buildConfigurationList = 5203175F256570CA004C9C4E /* Build configuration list for PBXNativeTarget "JobHunter" */;
			buildPhases = (
				6ECD6238701781DD886A48BC /* [CP] Check Pods Manifest.lock */,
				52031747256570C9004C9C4E /* Sources */,
				52031748256570C9004C9C4E /* Frameworks */,
				52031749256570C9004C9C4E /* Resources */,
				B39A996E920C450496D344FC /* [CP] Embed Pods Frameworks */,
			);
			buildRules = (
			);
			dependencies = (
			);
			name = JobHunter;
			productName = JobHunter;
			productReference = 5203174B256570C9004C9C4E /* JobHunter.app */;
			productType = "com.apple.product-type.application";
		};
/* End PBXNativeTarget section */

/* Begin PBXProject section */
		52031743256570C9004C9C4E /* Project object */ = {
			isa = PBXProject;
			attributes = {
				LastSwiftUpdateCheck = 1220;
				LastUpgradeCheck = 1220;
				TargetAttributes = {
					5203174A256570C9004C9C4E = {
						CreatedOnToolsVersion = 12.2;
					};
				};
			};
			buildConfigurationList = 52031746256570C9004C9C4E /* Build configuration list for PBXProject "JobHunter" */;
			compatibilityVersion = "Xcode 9.3";
			developmentRegion = en;
			hasScannedForEncodings = 0;
			knownRegions = (
				en,
				Base,
			);
			mainGroup = 52031742256570C9004C9C4E;
			productRefGroup = 5203174C256570C9004C9C4E /* Products */;
			projectDirPath = "";
			projectRoot = "";
			targets = (
				5203174A256570C9004C9C4E /* JobHunter */,
			);
		};
/* End PBXProject section */

/* Begin PBXResourcesBuildPhase section */
		52031749256570C9004C9C4E /* Resources */ = {
			isa = PBXResourcesBuildPhase;
			buildActionMask = 2147483647;
			files = (
				52031758256570CA004C9C4E /* Assets.xcassets in Resources */,
				5203175B256570CA004C9C4E /* LaunchScreen.storyboard in Resources */,
				52031756256570C9004C9C4E /* Main.storyboard in Resources */,
			);
			runOnlyForDeploymentPostprocessing = 0;
		};
/* End PBXResourcesBuildPhase section */

/* Begin PBXShellScriptBuildPhase section */
		6ECD6238701781DD886A48BC /* [CP] Check Pods Manifest.lock */ = {
			isa = PBXShellScriptBuildPhase;
			buildActionMask = 2147483647;
			files = (
			);
			inputFileListPaths = (
			);
			inputPaths = (
				"${PODS_PODFILE_DIR_PATH}/Podfile.lock",
				"${PODS_ROOT}/Manifest.lock",
			);
			name = "[CP] Check Pods Manifest.lock";
			outputFileListPaths = (
			);
			outputPaths = (
				"$(DERIVED_FILE_DIR)/Pods-JobHunter-checkManifestLockResult.txt",
			);
			runOnlyForDeploymentPostprocessing = 0;
			shellPath = /bin/sh;
			shellScript = "diff \"${PODS_PODFILE_DIR_PATH}/Podfile.lock\" \"${PODS_ROOT}/Manifest.lock\" > /dev/null\nif [ $? != 0 ] ; then\n    # print error to STDERR\n    echo \"error: The sandbox is not in sync with the Podfile.lock. Run 'pod install' or update your CocoaPods installation.\" >&2\n    exit 1\nfi\n# This output is used by Xcode 'outputs' to avoid re-running this script phase.\necho \"SUCCESS\" > \"${SCRIPT_OUTPUT_FILE_0}\"\n";
			showEnvVarsInLog = 0;
		};
		B39A996E920C450496D344FC /* [CP] Embed Pods Frameworks */ = {
			isa = PBXShellScriptBuildPhase;
			buildActionMask = 2147483647;
			files = (
			);
			inputFileListPaths = (
				"${PODS_ROOT}/Target Support Files/Pods-JobHunter/Pods-JobHunter-frameworks-${CONFIGURATION}-input-files.xcfilelist",
			);
			name = "[CP] Embed Pods Frameworks";
			outputFileListPaths = (
				"${PODS_ROOT}/Target Support Files/Pods-JobHunter/Pods-JobHunter-frameworks-${CONFIGURATION}-output-files.xcfilelist",
			);
			runOnlyForDeploymentPostprocessing = 0;
			shellPath = /bin/sh;
			shellScript = "\"${PODS_ROOT}/Target Support Files/Pods-JobHunter/Pods-JobHunter-frameworks.sh\"\n";
			showEnvVarsInLog = 0;
		};
/* End PBXShellScriptBuildPhase section */

/* Begin PBXSourcesBuildPhase section */
		52031747256570C9004C9C4E /* Sources */ = {
			isa = PBXSourcesBuildPhase;
			buildActionMask = 2147483647;
			files = (
				5203174F256570C9004C9C4E /* AppDelegate.swift in Sources */,
				524D5A0B256578E50029CFB2 /* CakeResumeFetcher.swift in Sources */,
				524D5A062565753E0029CFB2 /* FetcherProtocol.swift in Sources */,
				52872C6E25697C0200756813 /* JobListTableViewCell.swift in Sources */,
				52031753256570C9004C9C4E /* JobListViewController.swift in Sources */,
				52585D75256BEDE00052839C /* JobSourceViewController.swift in Sources */,
				52872C392566D21000756813 /* MeetJobsFetcher.swift in Sources */,
				52031751256570C9004C9C4E /* SceneDelegate.swift in Sources */,
				52872C4B2566D94900756813 /* YouratorFetcher.swift in Sources */,
			);
			runOnlyForDeploymentPostprocessing = 0;
		};
/* End PBXSourcesBuildPhase section */

/* Begin PBXVariantGroup section */
		52031754256570C9004C9C4E /* Main.storyboard */ = {
			isa = PBXVariantGroup;
			children = (
				52031755256570C9004C9C4E /* Base */,
			);
			name = Main.storyboard;
			sourceTree = "<group>";
		};
		52031759256570CA004C9C4E /* LaunchScreen.storyboard */ = {
			isa = PBXVariantGroup;
			children = (
				5203175A256570CA004C9C4E /* Base */,
			);
			name = LaunchScreen.storyboard;
			sourceTree = "<group>";
		};
/* End PBXVariantGroup section */

/* Begin XCBuildConfiguration section */
		5203175D256570CA004C9C4E /* Debug */ = {
			isa = XCBuildConfiguration;
			buildSettings = {
				ALWAYS_SEARCH_USER_PATHS = NO;
				CLANG_ANALYZER_NONNULL = YES;
				CLANG_ANALYZER_NUMBER_OBJECT_CONVERSION = YES_AGGRESSIVE;
				CLANG_CXX_LANGUAGE_STANDARD = "gnu++14";
				CLANG_CXX_LIBRARY = "libc++";
				CLANG_ENABLE_MODULES = YES;
				CLANG_ENABLE_OBJC_ARC = YES;
				CLANG_ENABLE_OBJC_WEAK = YES;
				CLANG_WARN_BLOCK_CAPTURE_AUTORELEASING = YES;
				CLANG_WARN_BOOL_CONVERSION = YES;
				CLANG_WARN_COMMA = YES;
				CLANG_WARN_CONSTANT_CONVERSION = YES;
				CLANG_WARN_DEPRECATED_OBJC_IMPLEMENTATIONS = YES;
				CLANG_WARN_DIRECT_OBJC_ISA_USAGE = YES_ERROR;
				CLANG_WARN_DOCUMENTATION_COMMENTS = YES;
				CLANG_WARN_EMPTY_BODY = YES;
				CLANG_WARN_ENUM_CONVERSION = YES;
				CLANG_WARN_INFINITE_RECURSION = YES;
				CLANG_WARN_INT_CONVERSION = YES;
				CLANG_WARN_NON_LITERAL_NULL_CONVERSION = YES;
				CLANG_WARN_OBJC_IMPLICIT_RETAIN_SELF = YES;
				CLANG_WARN_OBJC_LITERAL_CONVERSION = YES;
				CLANG_WARN_OBJC_ROOT_CLASS = YES_ERROR;
				CLANG_WARN_QUOTED_INCLUDE_IN_FRAMEWORK_HEADER = YES;
				CLANG_WARN_RANGE_LOOP_ANALYSIS = YES;
				CLANG_WARN_STRICT_PROTOTYPES = YES;
				CLANG_WARN_SUSPICIOUS_MOVE = YES;
				CLANG_WARN_UNGUARDED_AVAILABILITY = YES_AGGRESSIVE;
				CLANG_WARN_UNREACHABLE_CODE = YES;
				CLANG_WARN__DUPLICATE_METHOD_MATCH = YES;
				COPY_PHASE_STRIP = NO;
				DEBUG_INFORMATION_FORMAT = dwarf;
				ENABLE_STRICT_OBJC_MSGSEND = YES;
				ENABLE_TESTABILITY = YES;
				GCC_C_LANGUAGE_STANDARD = gnu11;
				GCC_DYNAMIC_NO_PIC = NO;
				GCC_NO_COMMON_BLOCKS = YES;
				GCC_OPTIMIZATION_LEVEL = 0;
				GCC_PREPROCESSOR_DEFINITIONS = (
					"DEBUG=1",
					"$(inherited)",
				);
				GCC_WARN_64_TO_32_BIT_CONVERSION = YES;
				GCC_WARN_ABOUT_RETURN_TYPE = YES_ERROR;
				GCC_WARN_UNDECLARED_SELECTOR = YES;
				GCC_WARN_UNINITIALIZED_AUTOS = YES_AGGRESSIVE;
				GCC_WARN_UNUSED_FUNCTION = YES;
				GCC_WARN_UNUSED_VARIABLE = YES;
				IPHONEOS_DEPLOYMENT_TARGET = 14.2;
				MTL_ENABLE_DEBUG_INFO = INCLUDE_SOURCE;
				MTL_FAST_MATH = YES;
				ONLY_ACTIVE_ARCH = YES;
				SDKROOT = iphoneos;
				SWIFT_ACTIVE_COMPILATION_CONDITIONS = DEBUG;
				SWIFT_OPTIMIZATION_LEVEL = "-Onone";
			};
			name = Debug;
		};
		5203175E256570CA004C9C4E /* Release */ = {
			isa = XCBuildConfiguration;
			buildSettings = {
				ALWAYS_SEARCH_USER_PATHS = NO;
				CLANG_ANALYZER_NONNULL = YES;
				CLANG_ANALYZER_NUMBER_OBJECT_CONVERSION = YES_AGGRESSIVE;
				CLANG_CXX_LANGUAGE_STANDARD = "gnu++14";
				CLANG_CXX_LIBRARY = "libc++";
				CLANG_ENABLE_MODULES = YES;
				CLANG_ENABLE_OBJC_ARC = YES;
				CLANG_ENABLE_OBJC_WEAK = YES;
				CLANG_WARN_BLOCK_CAPTURE_AUTORELEASING = YES;
				CLANG_WARN_BOOL_CONVERSION = YES;
				CLANG_WARN_COMMA = YES;
				CLANG_WARN_CONSTANT_CONVERSION = YES;
				CLANG_WARN_DEPRECATED_OBJC_IMPLEMENTATIONS = YES;
				CLANG_WARN_DIRECT_OBJC_ISA_USAGE = YES_ERROR;
				CLANG_WARN_DOCUMENTATION_COMMENTS = YES;
				CLANG_WARN_EMPTY_BODY = YES;
				CLANG_WARN_ENUM_CONVERSION = YES;
				CLANG_WARN_INFINITE_RECURSION = YES;
				CLANG_WARN_INT_CONVERSION = YES;
				CLANG_WARN_NON_LITERAL_NULL_CONVERSION = YES;
				CLANG_WARN_OBJC_IMPLICIT_RETAIN_SELF = YES;
				CLANG_WARN_OBJC_LITERAL_CONVERSION = YES;
				CLANG_WARN_OBJC_ROOT_CLASS = YES_ERROR;
				CLANG_WARN_QUOTED_INCLUDE_IN_FRAMEWORK_HEADER = YES;
				CLANG_WARN_RANGE_LOOP_ANALYSIS = YES;
				CLANG_WARN_STRICT_PROTOTYPES = YES;
				CLANG_WARN_SUSPICIOUS_MOVE = YES;
				CLANG_WARN_UNGUARDED_AVAILABILITY = YES_AGGRESSIVE;
				CLANG_WARN_UNREACHABLE_CODE = YES;
				CLANG_WARN__DUPLICATE_METHOD_MATCH = YES;
				COPY_PHASE_STRIP = NO;
				DEBUG_INFORMATION_FORMAT = "dwarf-with-dsym";
				ENABLE_NS_ASSERTIONS = NO;
				ENABLE_STRICT_OBJC_MSGSEND = YES;
				GCC_C_LANGUAGE_STANDARD = gnu11;
				GCC_NO_COMMON_BLOCKS = YES;
				GCC_WARN_64_TO_32_BIT_CONVERSION = YES;
				GCC_WARN_ABOUT_RETURN_TYPE = YES_ERROR;
				GCC_WARN_UNDECLARED_SELECTOR = YES;
				GCC_WARN_UNINITIALIZED_AUTOS = YES_AGGRESSIVE;
				GCC_WARN_UNUSED_FUNCTION = YES;
				GCC_WARN_UNUSED_VARIABLE = YES;
				IPHONEOS_DEPLOYMENT_TARGET = 14.2;
				MTL_ENABLE_DEBUG_INFO = NO;
				MTL_FAST_MATH = YES;
				SDKROOT = iphoneos;
				SWIFT_COMPILATION_MODE = wholemodule;
				SWIFT_OPTIMIZATION_LEVEL = "-O";
				VALIDATE_PRODUCT = YES;
			};
			name = Release;
		};
		52031760256570CA004C9C4E /* Debug */ = {
			isa = XCBuildConfiguration;
			baseConfigurationReference = 677257192F3A3D3CEC38794C /* Pods-JobHunter.debug.xcconfig */;
			buildSettings = {
				ASSETCATALOG_COMPILER_APPICON_NAME = AppIcon;
				ASSETCATALOG_COMPILER_GLOBAL_ACCENT_COLOR_NAME = AccentColor;
				CODE_SIGN_STYLE = Automatic;
				DEVELOPMENT_TEAM = 3ZRBTT9ETQ;
				INFOPLIST_FILE = JobHunter/Info.plist;
				LD_RUNPATH_SEARCH_PATHS = (
					"$(inherited)",
					"@executable_path/Frameworks",
				);
				PRODUCT_BUNDLE_IDENTIFIER = com.nelson.JobHunter;
				PRODUCT_NAME = "$(TARGET_NAME)";
				SWIFT_VERSION = 5.0;
				TARGETED_DEVICE_FAMILY = 1;
			};
			name = Debug;
		};
		52031761256570CA004C9C4E /* Release */ = {
			isa = XCBuildConfiguration;
			baseConfigurationReference = 4A12F5424186C55C86A4731F /* Pods-JobHunter.release.xcconfig */;
			buildSettings = {
				ASSETCATALOG_COMPILER_APPICON_NAME = AppIcon;
				ASSETCATALOG_COMPILER_GLOBAL_ACCENT_COLOR_NAME = AccentColor;
				CODE_SIGN_STYLE = Automatic;
				DEVELOPMENT_TEAM = 3ZRBTT9ETQ;
				INFOPLIST_FILE = JobHunter/Info.plist;
				LD_RUNPATH_SEARCH_PATHS = (
					"$(inherited)",
					"@executable_path/Frameworks",
				);
				PRODUCT_BUNDLE_IDENTIFIER = com.nelson.JobHunter;
				PRODUCT_NAME = "$(TARGET_NAME)";
				SWIFT_VERSION = 5.0;
				TARGETED_DEVICE_FAMILY = 1;
			};
			name = Release;
		};
/* End XCBuildConfiguration section */

/* Begin XCConfigurationList section */
		52031746256570C9004C9C4E /* Build configuration list for PBXProject "JobHunter" */ = {
			isa = XCConfigurationList;
			buildConfigurations = (
				5203175D256570CA004C9C4E /* Debug */,
				5203175E256570CA004C9C4E /* Release */,
			);
			defaultConfigurationIsVisible = 0;
			defaultConfigurationName = Release;
		};
		5203175F256570CA004C9C4E /* Build configuration list for PBXNativeTarget "JobHunter" */ = {
			isa = XCConfigurationList;
			buildConfigurations = (
				52031760256570CA004C9C4E /* Debug */,
				52031761256570CA004C9C4E /* Release */,
			);
			defaultConfigurationIsVisible = 0;
			defaultConfigurationName = Release;
		};
/* End XCConfigurationList section */
	};
	rootObject = 52031743256570C9004C9C4E /* Project object */;
}
